
Microsoft Visual Studio Solution File, Format Version 12.00
# Visual Studio Version 17
VisualStudioVersion = 17.5.002.0
MinimumVisualStudioVersion = 10.0.40219.1
Project("{9A19103F-16F7-4668-BE54-9A1E7A4F7556}") = "lab-10-mad-libs-2-SavannaDickie", "lab-10-mad-libs-2-SavannaDickie.csproj", "{A7A949D5-93B2-4183-990D-A1E717E17115}"
EndProject
Global
	GlobalSection(SolutionConfigurationPlatforms) = preSolution
		Debug|Any CPU = Debug|Any CPU
		Release|Any CPU = Release|Any CPU
	EndGlobalSection
	GlobalSection(ProjectConfigurationPlatforms) = postSolution
		{A7A949D5-93B2-4183-990D-A1E717E17115}.Debug|Any CPU.ActiveCfg = Debug|Any CPU
		{A7A949D5-93B2-4183-990D-A1E717E17115}.Debug|Any CPU.Build.0 = Debug|Any CPU
		{A7A949D5-93B2-4183-990D-A1E717E17115}.Release|Any CPU.ActiveCfg = Release|Any CPU
		{A7A949D5-93B2-4183-990D-A1E717E17115}.Release|Any CPU.Build.0 = Release|Any CPU
	EndGlobalSection
	GlobalSection(SolutionProperties) = preSolution
		HideSolutionNode = FALSE
	EndGlobalSection
	GlobalSection(ExtensibilityGlobals) = postSolution
		SolutionGuid = {5DD94A5A-159A-48F0-AFFA-31A19DF57B87}
	EndGlobalSection
EndGlobal
